PODS:
  - GoogleWebRTC (1.1.31999)

DEPENDENCIES:
  - GoogleWebRTC (~> 1.1.31999)

SPEC REPOS:
  https://github.com/cocoapods/specs.git:
    - GoogleWebRTC

SPEC CHECKSUMS:
  GoogleWebRTC: b39a78c4f5cc6b0323415b9233db03a2faa7b0f0

PODFILE CHECKSUM: 830ab57ee0c903489ed71e4404cbb07a4b076092

COCOAPODS: 1.7.5
